
Microsoft Visual Studio Solution File, Format Version 12.00
# Visual Studio 15
VisualStudioVersion = 15.0.28307.1082
MinimumVisualStudioVersion = 10.0.40219.1
Project("{9A19103F-16F7-4668-BE54-9A1E7A4F7556}") = "University.Api.Student", "University.Api.Student\University.Api.Student.csproj", "{059A8100-82EF-4721-8C3B-CFB517D46A1E}"
EndProject
Project("{9A19103F-16F7-4668-BE54-9A1E7A4F7556}") = "University.Api.Courses", "University.Api.Courses\University.Api.Courses.csproj", "{A559CABC-0138-445E-A2C9-ADC797ECB13D}"
EndProject
Project("{9A19103F-16F7-4668-BE54-9A1E7A4F7556}") = "University.Api.Admission", "University.Api.Admission\University.Api.Admission.csproj", "{0D29EC8D-2FD9-429D-9349-C5FA55435241}"
EndProject
Project("{9A19103F-16F7-4668-BE54-9A1E7A4F7556}") = "University.Api.Search", "University.Api.Search\University.Api.Search.csproj", "{B176F047-E8CB-4B0D-AA74-A760FA68086D}"
EndProject
Project("{FAE04EC0-301F-11D3-BF4B-00C04F79EFBC}") = "University.Api.Courses.Test", "University.Api.Courses.Test\University.Api.Courses.Test.csproj", "{511C1E19-DD70-443F-AAA8-8DD50BB96293}"
EndProject
Global
	GlobalSection(SolutionConfigurationPlatforms) = preSolution
		Debug|Any CPU = Debug|Any CPU
		Release|Any CPU = Release|Any CPU
	EndGlobalSection
	GlobalSection(ProjectConfigurationPlatforms) = postSolution
		{059A8100-82EF-4721-8C3B-CFB517D46A1E}.Debug|Any CPU.ActiveCfg = Debug|Any CPU
		{059A8100-82EF-4721-8C3B-CFB517D46A1E}.Debug|Any CPU.Build.0 = Debug|Any CPU
		{059A8100-82EF-4721-8C3B-CFB517D46A1E}.Release|Any CPU.ActiveCfg = Release|Any CPU
		{059A8100-82EF-4721-8C3B-CFB517D46A1E}.Release|Any CPU.Build.0 = Release|Any CPU
		{A559CABC-0138-445E-A2C9-ADC797ECB13D}.Debug|Any CPU.ActiveCfg = Debug|Any CPU
		{A559CABC-0138-445E-A2C9-ADC797ECB13D}.Debug|Any CPU.Build.0 = Debug|Any CPU
		{A559CABC-0138-445E-A2C9-ADC797ECB13D}.Release|Any CPU.ActiveCfg = Release|Any CPU
		{A559CABC-0138-445E-A2C9-ADC797ECB13D}.Release|Any CPU.Build.0 = Release|Any CPU
		{0D29EC8D-2FD9-429D-9349-C5FA55435241}.Debug|Any CPU.ActiveCfg = Debug|Any CPU
		{0D29EC8D-2FD9-429D-9349-C5FA55435241}.Debug|Any CPU.Build.0 = Debug|Any CPU
		{0D29EC8D-2FD9-429D-9349-C5FA55435241}.Release|Any CPU.ActiveCfg = Release|Any CPU
		{0D29EC8D-2FD9-429D-9349-C5FA55435241}.Release|Any CPU.Build.0 = Release|Any CPU
		{B176F047-E8CB-4B0D-AA74-A760FA68086D}.Debug|Any CPU.ActiveCfg = Debug|Any CPU
		{B176F047-E8CB-4B0D-AA74-A760FA68086D}.Debug|Any CPU.Build.0 = Debug|Any CPU
		{B176F047-E8CB-4B0D-AA74-A760FA68086D}.Release|Any CPU.ActiveCfg = Release|Any CPU
		{B176F047-E8CB-4B0D-AA74-A760FA68086D}.Release|Any CPU.Build.0 = Release|Any CPU
		{511C1E19-DD70-443F-AAA8-8DD50BB96293}.Debug|Any CPU.ActiveCfg = Debug|Any CPU
		{511C1E19-DD70-443F-AAA8-8DD50BB96293}.Debug|Any CPU.Build.0 = Debug|Any CPU
		{511C1E19-DD70-443F-AAA8-8DD50BB96293}.Release|Any CPU.ActiveCfg = Release|Any CPU
		{511C1E19-DD70-443F-AAA8-8DD50BB96293}.Release|Any CPU.Build.0 = Release|Any CPU
	EndGlobalSection
	GlobalSection(SolutionProperties) = preSolution
		HideSolutionNode = FALSE
	EndGlobalSection
	GlobalSection(ExtensibilityGlobals) = postSolution
		SolutionGuid = {013452B8-71EC-436C-9E36-BABD838616DB}
	EndGlobalSection
EndGlobal
